%{
  "conv_case": {:hex, :conv_case, "0.2.2", "5a98b74ab8f7ddbad670e5c7bb39ff280e60699aa3b25c7062ceccf48137433c", [:mix], [], "hexpm", "561c550ab6d55b2a4d4c14449e58c9957798613eb26ea182e14a962965377bca"},
  "decimal": {:hex, :decimal, "2.0.0", "a78296e617b0f5dd4c6caf57c714431347912ffb1d0842e998e9792b5642d697", [:mix], [], "hexpm", "34666e9c55dea81013e77d9d87370fe6cb6291d1ef32f46a1600230b1d44f577"},
  "ex_json_schema": {:hex, :ex_json_schema, "0.6.1", "b57c0588385b8262b80f19d33d9b9b71fcd60d247691abf2635b57a03ec0ad44", [:mix], [], "hexpm"},
  "jason": {:hex, :jason, "1.3.0", "fa6b82a934feb176263ad2df0dbd91bf633d4a46ebfdffea0c8ae82953714946", [:mix], [{:decimal, "~> 1.0 or ~> 2.0", [hex: :decimal, repo: "hexpm", optional: true]}], "hexpm", "53fc1f51255390e0ec7e50f9cb41e751c260d065dcba2bf0d08dc51a4002c2ac"},
  "json_xema": {:hex, :json_xema, "0.6.1", "3681272f0c0332b1ac43165d6617143b418cb4e0ccde42ac5ec3681c0d426802", [:mix], [{:conv_case, "~> 0.2", [hex: :conv_case, repo: "hexpm", optional: false]}, {:xema, "~> 0.16", [hex: :xema, repo: "hexpm", optional: false]}], "hexpm", "62e0c28429dd7f9261d78405eb1b101ca422a6a169746d94a934aa66c1548b2f"},
  "nex_json_schema": {:hex, :nex_json_schema, "0.8.6", "e1e0a76fa8e055d68936e0d3eaf0cbc75700e998104a3a442b674d82b701a413", [:mix], [{:decimal, "~> 2.0", [hex: :decimal, repo: "hexpm", optional: false]}], "hexpm", "ca8ce7e74f0898787af6fcc02f0a38379afb318d3778eb929dfd1ecfca78ad21"},
  "nex_json_schema2": {:hex, :nex_json_schema2, "0.8.8", "8e81328532b36feb8c5e337b00ef0f0945a4639460cac4ca53c016fd3d1d0ab8", [:mix], [{:decimal, "~> 2.0", [hex: :decimal, repo: "hexpm", optional: false]}], "hexpm", "3e78387952061827a650d2fc3f1a81b0478a3f2af92b07736ab41764a1e874ae"},
  "nimble_parsec": {:hex, :nimble_parsec, "0.5.0", "90e2eca3d0266e5c53f8fbe0079694740b9c91b6747f2b7e3c5d21966bba8300", [:mix], [], "hexpm"},
  "xema": {:hex, :xema, "0.16.1", "21e4c05f6a54a35fe95fbe4dc35b8908b4a04a1195a07ffcf7846fb251852434", [:mix], [{:conv_case, "~> 0.2.2", [hex: :conv_case, repo: "hexpm", optional: false]}, {:decimal, "~> 1.0 or ~> 2.0", [hex: :decimal, repo: "hexpm", optional: true]}], "hexpm", "1ae992fb59f7faef6e6d64ad94c9c3b07bb8f1597783ca1296d92c15ed313c9f"},
}
